
Microsoft Visual Studio Solution File, Format Version 12.00
# Visual Studio Version 17
VisualStudioVersion = 17.0.31903.59
MinimumVisualStudioVersion = 10.0.40219.1
Project("{FAE04EC0-301F-11D3-BF4B-00C04F79EFBC}") = "Restaurant.RestApi", "Restaurant.RestApi\Restaurant.RestApi.csproj", "{B7C66817-ABDA-427A-9B97-A51DCB56538F}"
EndProject
Project("{FAE04EC0-301F-11D3-BF4B-00C04F79EFBC}") = "Restaurant.RestApi.Tests", "Restaurant.RestApi.Tests\Restaurant.RestApi.Tests.csproj", "{311B8596-4976-477B-9915-3A38266BB152}"
EndProject
Global
	GlobalSection(SolutionConfigurationPlatforms) = preSolution
		Debug|Any CPU = Debug|Any CPU
		Debug|x64 = Debug|x64
		Debug|x86 = Debug|x86
		Release|Any CPU = Release|Any CPU
		Release|x64 = Release|x64
		Release|x86 = Release|x86
	EndGlobalSection
	GlobalSection(ProjectConfigurationPlatforms) = postSolution
		{B7C66817-ABDA-427A-9B97-A51DCB56538F}.Debug|Any CPU.ActiveCfg = Debug|Any CPU
		{B7C66817-ABDA-427A-9B97-A51DCB56538F}.Debug|Any CPU.Build.0 = Debug|Any CPU
		{B7C66817-ABDA-427A-9B97-A51DCB56538F}.Debug|x64.ActiveCfg = Debug|Any CPU
		{B7C66817-ABDA-427A-9B97-A51DCB56538F}.Debug|x64.Build.0 = Debug|Any CPU
		{B7C66817-ABDA-427A-9B97-A51DCB56538F}.Debug|x86.ActiveCfg = Debug|Any CPU
		{B7C66817-ABDA-427A-9B97-A51DCB56538F}.Debug|x86.Build.0 = Debug|Any CPU
		{B7C66817-ABDA-427A-9B97-A51DCB56538F}.Release|Any CPU.ActiveCfg = Release|Any CPU
		{B7C66817-ABDA-427A-9B97-A51DCB56538F}.Release|Any CPU.Build.0 = Release|Any CPU
		{B7C66817-ABDA-427A-9B97-A51DCB56538F}.Release|x64.ActiveCfg = Release|Any CPU
		{B7C66817-ABDA-427A-9B97-A51DCB56538F}.Release|x64.Build.0 = Release|Any CPU
		{B7C66817-ABDA-427A-9B97-A51DCB56538F}.Release|x86.ActiveCfg = Release|Any CPU
		{B7C66817-ABDA-427A-9B97-A51DCB56538F}.Release|x86.Build.0 = Release|Any CPU
		{311B8596-4976-477B-9915-3A38266BB152}.Debug|Any CPU.ActiveCfg = Debug|Any CPU
		{311B8596-4976-477B-9915-3A38266BB152}.Debug|Any CPU.Build.0 = Debug|Any CPU
		{311B8596-4976-477B-9915-3A38266BB152}.Debug|x64.ActiveCfg = Debug|Any CPU
		{311B8596-4976-477B-9915-3A38266BB152}.Debug|x64.Build.0 = Debug|Any CPU
		{311B8596-4976-477B-9915-3A38266BB152}.Debug|x86.ActiveCfg = Debug|Any CPU
		{311B8596-4976-477B-9915-3A38266BB152}.Debug|x86.Build.0 = Debug|Any CPU
		{311B8596-4976-477B-9915-3A38266BB152}.Release|Any CPU.ActiveCfg = Release|Any CPU
		{311B8596-4976-477B-9915-3A38266BB152}.Release|Any CPU.Build.0 = Release|Any CPU
		{311B8596-4976-477B-9915-3A38266BB152}.Release|x64.ActiveCfg = Release|Any CPU
		{311B8596-4976-477B-9915-3A38266BB152}.Release|x64.Build.0 = Release|Any CPU
		{311B8596-4976-477B-9915-3A38266BB152}.Release|x86.ActiveCfg = Release|Any CPU
		{311B8596-4976-477B-9915-3A38266BB152}.Release|x86.Build.0 = Release|Any CPU
	EndGlobalSection
	GlobalSection(SolutionProperties) = preSolution
		HideSolutionNode = FALSE
	EndGlobalSection
EndGlobal
